<?xml version="1.0" encoding="utf-8"?>
<Project ToolsVersion="4.0" xmlns="http://schemas.microsoft.com/developer/msbuild/2003">
  <ItemGroup>
    <Filter Include="预编译头文件">
      <UniqueIdentifier>{c1b549ed-9877-453c-be96-1177143ac72f}</UniqueIdentifier>
    </Filter>
    <Filter Include="Log">
      <UniqueIdentifier>{6ae92b30-130c-4aa4-8d7f-70b8492b87c6}</UniqueIdentifier>
    </Filter>
    <Filter Include="主程序">
      <UniqueIdentifier>{e6c0b996-6ee0-4871-9b09-917bf5c19668}</UniqueIdentifier>
    </Filter>
  </ItemGroup>
  <ItemGroup>
    <ClCompile Include="stdafx.cpp">
      <Filter>预编译头文件</Filter>
    </ClCompile>
    <ClCompile Include="ConsoleLogPrinter.cpp">
      <Filter>Log</Filter>
    </ClCompile>
    <ClCompile Include="JSVMTest.cpp">
      <Filter>主程序</Filter>
    </ClCompile>
  </ItemGroup>
  <ItemGroup>
    <ClInclude Include="stdafx.h">
      <Filter>预编译头文件</Filter>
    </ClInclude>
    <ClInclude Include="ConsoleLogPrinter.h">
      <Filter>Log</Filter>
    </ClInclude>
  </ItemGroup>
</Project>